// !$*UTF8*$!
{
	archiveVersion = 1;
	classes = {
	};
	objectVersion = 56;
	objects = {

/* Begin PBXBuildFile section */
		237D5B762AB0800300CFF80B /* ProjectView.swift in Sources */ = {isa = PBXBuildFile; fileRef = 237D5B752AB0800300CFF80B /* ProjectView.swift */; };
		237D5B782AB0810900CFF80B /* Project.swift in Sources */ = {isa = PBXBuildFile; fileRef = 237D5B772AB0810900CFF80B /* Project.swift */; };
		237D5B7A2AB0819000CFF80B /* ProjectList.swift in Sources */ = {isa = PBXBuildFile; fileRef = 237D5B792AB0819000CFF80B /* ProjectList.swift */; };
		237D5B7C2AB085CC00CFF80B /* ProjectCard.swift in Sources */ = {isa = PBXBuildFile; fileRef = 237D5B7B2AB085CC00CFF80B /* ProjectCard.swift */; };
		237E14702AACB48D00EB52BF /* plannerApp.swift in Sources */ = {isa = PBXBuildFile; fileRef = 237E146F2AACB48D00EB52BF /* plannerApp.swift */; };
		237E14722AACB48D00EB52BF /* ContentView.swift in Sources */ = {isa = PBXBuildFile; fileRef = 237E14712AACB48D00EB52BF /* ContentView.swift */; };
		237E14742AACB48D00EB52BF /* Assets.xcassets in Resources */ = {isa = PBXBuildFile; fileRef = 237E14732AACB48D00EB52BF /* Assets.xcassets */; };
		237E14782AACB48D00EB52BF /* Preview Assets.xcassets in Resources */ = {isa = PBXBuildFile; fileRef = 237E14772AACB48D00EB52BF /* Preview Assets.xcassets */; };
		237E147F2AACB5A700EB52BF /* LabeledTextField.swift in Sources */ = {isa = PBXBuildFile; fileRef = 237E147E2AACB5A700EB52BF /* LabeledTextField.swift */; };
		237E14812AACB78600EB52BF /* AddButton.swift in Sources */ = {isa = PBXBuildFile; fileRef = 237E14802AACB78600EB52BF /* AddButton.swift */; };
		237E14832AACC5DF00EB52BF /* Task.swift in Sources */ = {isa = PBXBuildFile; fileRef = 237E14822AACC5DF00EB52BF /* Task.swift */; };
		237E14882AACC70C00EB52BF /* TaskCard.swift in Sources */ = {isa = PBXBuildFile; fileRef = 237E14872AACC70C00EB52BF /* TaskCard.swift */; };
/* End PBXBuildFile section */

/* Begin PBXFileReference section */
		237D5B752AB0800300CFF80B /* ProjectView.swift */ = {isa = PBXFileReference; lastKnownFileType = sourcecode.swift; path = ProjectView.swift; sourceTree = "<group>"; };
		237D5B772AB0810900CFF80B /* Project.swift */ = {isa = PBXFileReference; lastKnownFileType = sourcecode.swift; path = Project.swift; sourceTree = "<group>"; };
		237D5B792AB0819000CFF80B /* ProjectList.swift */ = {isa = PBXFileReference; lastKnownFileType = sourcecode.swift; path = ProjectList.swift; sourceTree = "<group>"; };
		237D5B7B2AB085CC00CFF80B /* ProjectCard.swift */ = {isa = PBXFileReference; lastKnownFileType = sourcecode.swift; path = ProjectCard.swift; sourceTree = "<group>"; };
		237E146C2AACB48D00EB52BF /* planner.app */ = {isa = PBXFileReference; explicitFileType = wrapper.application; includeInIndex = 0; path = planner.app; sourceTree = BUILT_PRODUCTS_DIR; };
		237E146F2AACB48D00EB52BF /* plannerApp.swift */ = {isa = PBXFileReference; lastKnownFileType = sourcecode.swift; path = plannerApp.swift; sourceTree = "<group>"; };
		237E14712AACB48D00EB52BF /* ContentView.swift */ = {isa = PBXFileReference; lastKnownFileType = sourcecode.swift; path = ContentView.swift; sourceTree = "<group>"; };
		237E14732AACB48D00EB52BF /* Assets.xcassets */ = {isa = PBXFileReference; lastKnownFileType = folder.assetcatalog; path = Assets.xcassets; sourceTree = "<group>"; };
		237E14752AACB48D00EB52BF /* planner.entitlements */ = {isa = PBXFileReference; lastKnownFileType = text.plist.entitlements; path = planner.entitlements; sourceTree = "<group>"; };
		237E14772AACB48D00EB52BF /* Preview Assets.xcassets */ = {isa = PBXFileReference; lastKnownFileType = folder.assetcatalog; path = "Preview Assets.xcassets"; sourceTree = "<group>"; };
		237E147E2AACB5A700EB52BF /* LabeledTextField.swift */ = {isa = PBXFileReference; lastKnownFileType = sourcecode.swift; path = LabeledTextField.swift; sourceTree = "<group>"; };
		237E14802AACB78600EB52BF /* AddButton.swift */ = {isa = PBXFileReference; lastKnownFileType = sourcecode.swift; path = AddButton.swift; sourceTree = "<group>"; };
		237E14822AACC5DF00EB52BF /* Task.swift */ = {isa = PBXFileReference; lastKnownFileType = sourcecode.swift; path = Task.swift; sourceTree = "<group>"; };
		237E14872AACC70C00EB52BF /* TaskCard.swift */ = {isa = PBXFileReference; lastKnownFileType = sourcecode.swift; path = TaskCard.swift; sourceTree = "<group>"; };
/* End PBXFileReference section */

/* Begin PBXFrameworksBuildPhase section */
		237E14692AACB48C00EB52BF /* Frameworks */ = {
			isa = PBXFrameworksBuildPhase;
			buildActionMask = 2147483647;
			files = (
			);
			runOnlyForDeploymentPostprocessing = 0;
		};
/* End PBXFrameworksBuildPhase section */

/* Begin PBXGroup section */
		237D5B732AB07FE700CFF80B /* Components */ = {
			isa = PBXGroup;
			children = (
				237E14802AACB78600EB52BF /* AddButton.swift */,
				237E147E2AACB5A700EB52BF /* LabeledTextField.swift */,
				237E14872AACC70C00EB52BF /* TaskCard.swift */,
				237D5B7B2AB085CC00CFF80B /* ProjectCard.swift */,
			);
			path = Components;
			sourceTree = "<group>";
		};
		237D5B742AB07FF000CFF80B /* Views */ = {
			isa = PBXGroup;
			children = (
				237D5B752AB0800300CFF80B /* ProjectView.swift */,
				237D5B792AB0819000CFF80B /* ProjectList.swift */,
			);
			path = Views;
			sourceTree = "<group>";
		};
		237E14632AACB48C00EB52BF = {
			isa = PBXGroup;
			children = (
				237E146E2AACB48D00EB52BF /* planner */,
				237E146D2AACB48D00EB52BF /* Products */,
			);
			sourceTree = "<group>";
		};
		237E146D2AACB48D00EB52BF /* Products */ = {
			isa = PBXGroup;
			children = (
				237E146C2AACB48D00EB52BF /* planner.app */,
			);
			name = Products;
			sourceTree = "<group>";
		};
		237E146E2AACB48D00EB52BF /* planner */ = {
			isa = PBXGroup;
			children = (
				237E14862AACC6E600EB52BF /* Presentation */,
				237E14842AACC6D200EB52BF /* Model */,
				237E146F2AACB48D00EB52BF /* plannerApp.swift */,
				237E14712AACB48D00EB52BF /* ContentView.swift */,
				237E14732AACB48D00EB52BF /* Assets.xcassets */,
				237E14752AACB48D00EB52BF /* planner.entitlements */,
				237E14762AACB48D00EB52BF /* Preview Content */,
			);
			path = planner;
			sourceTree = "<group>";
		};
		237E14762AACB48D00EB52BF /* Preview Content */ = {
			isa = PBXGroup;
			children = (
				237E14772AACB48D00EB52BF /* Preview Assets.xcassets */,
			);
			path = "Preview Content";
			sourceTree = "<group>";
		};
		237E14842AACC6D200EB52BF /* Model */ = {
			isa = PBXGroup;
			children = (
				237E14822AACC5DF00EB52BF /* Task.swift */,
				237D5B772AB0810900CFF80B /* Project.swift */,
			);
			path = Model;
			sourceTree = "<group>";
		};
		237E14862AACC6E600EB52BF /* Presentation */ = {
			isa = PBXGroup;
			children = (
				237D5B742AB07FF000CFF80B /* Views */,
				237D5B732AB07FE700CFF80B /* Components */,
			);
			path = Presentation;
			sourceTree = "<group>";
		};
/* End PBXGroup section */

/* Begin PBXNativeTarget section */
		237E146B2AACB48C00EB52BF /* planner */ = {
			isa = PBXNativeTarget;
			buildConfigurationList = 237E147B2AACB48D00EB52BF /* Build configuration list for PBXNativeTarget "planner" */;
			buildPhases = (
				237E14682AACB48C00EB52BF /* Sources */,
				237E14692AACB48C00EB52BF /* Frameworks */,
				237E146A2AACB48C00EB52BF /* Resources */,
			);
			buildRules = (
			);
			dependencies = (
			);
			name = planner;
			productName = planner;
			productReference = 237E146C2AACB48D00EB52BF /* planner.app */;
			productType = "com.apple.product-type.application";
		};
/* End PBXNativeTarget section */

/* Begin PBXProject section */
		237E14642AACB48C00EB52BF /* Project object */ = {
			isa = PBXProject;
			attributes = {
				BuildIndependentTargetsInParallel = 1;
				LastSwiftUpdateCheck = 1500;
				LastUpgradeCheck = 1500;
				TargetAttributes = {
					237E146B2AACB48C00EB52BF = {
						CreatedOnToolsVersion = 15.0;
					};
				};
			};
			buildConfigurationList = 237E14672AACB48C00EB52BF /* Build configuration list for PBXProject "planner" */;
			compatibilityVersion = "Xcode 14.0";
			developmentRegion = en;
			hasScannedForEncodings = 0;
			knownRegions = (
				en,
				Base,
			);
			mainGroup = 237E14632AACB48C00EB52BF;
			productRefGroup = 237E146D2AACB48D00EB52BF /* Products */;
			projectDirPath = "";
			projectRoot = "";
			targets = (
				237E146B2AACB48C00EB52BF /* planner */,
			);
		};
/* End PBXProject section */

/* Begin PBXResourcesBuildPhase section */
		237E146A2AACB48C00EB52BF /* Resources */ = {
			isa = PBXResourcesBuildPhase;
			buildActionMask = 2147483647;
			files = (
				237E14782AACB48D00EB52BF /* Preview Assets.xcassets in Resources */,
				237E14742AACB48D00EB52BF /* Assets.xcassets in Resources */,
			);
			runOnlyForDeploymentPostprocessing = 0;
		};
/* End PBXResourcesBuildPhase section */

/* Begin PBXSourcesBuildPhase section */
		237E14682AACB48C00EB52BF /* Sources */ = {
			isa = PBXSourcesBuildPhase;
			buildActionMask = 2147483647;
			files = (
				237E14882AACC70C00EB52BF /* TaskCard.swift in Sources */,
				237E147F2AACB5A700EB52BF /* LabeledTextField.swift in Sources */,
				237E14722AACB48D00EB52BF /* ContentView.swift in Sources */,
				237E14832AACC5DF00EB52BF /* Task.swift in Sources */,
				237D5B762AB0800300CFF80B /* ProjectView.swift in Sources */,
				237E14702AACB48D00EB52BF /* plannerApp.swift in Sources */,
				237E14812AACB78600EB52BF /* AddButton.swift in Sources */,
				237D5B782AB0810900CFF80B /* Project.swift in Sources */,
				237D5B7A2AB0819000CFF80B /* ProjectList.swift in Sources */,
				237D5B7C2AB085CC00CFF80B /* ProjectCard.swift in Sources */,
			);
			runOnlyForDeploymentPostprocessing = 0;
		};
/* End PBXSourcesBuildPhase section */

/* Begin XCBuildConfiguration section */
		237E14792AACB48D00EB52BF /* Debug */ = {
			isa = XCBuildConfiguration;
			buildSettings = {
				ALWAYS_SEARCH_USER_PATHS = NO;
				ASSETCATALOG_COMPILER_GENERATE_SWIFT_ASSET_SYMBOL_EXTENSIONS = YES;
				CLANG_ANALYZER_NONNULL = YES;
				CLANG_ANALYZER_NUMBER_OBJECT_CONVERSION = YES_AGGRESSIVE;
				CLANG_CXX_LANGUAGE_STANDARD = "gnu++20";
				CLANG_ENABLE_MODULES = YES;
				CLANG_ENABLE_OBJC_ARC = YES;
				CLANG_ENABLE_OBJC_WEAK = YES;
				CLANG_WARN_BLOCK_CAPTURE_AUTORELEASING = YES;
				CLANG_WARN_BOOL_CONVERSION = YES;
				CLANG_WARN_COMMA = YES;
				CLANG_WARN_CONSTANT_CONVERSION = YES;
				CLANG_WARN_DEPRECATED_OBJC_IMPLEMENTATIONS = YES;
				CLANG_WARN_DIRECT_OBJC_ISA_USAGE = YES_ERROR;
				CLANG_WARN_DOCUMENTATION_COMMENTS = YES;
				CLANG_WARN_EMPTY_BODY = YES;
				CLANG_WARN_ENUM_CONVERSION = YES;
				CLANG_WARN_INFINITE_RECURSION = YES;
				CLANG_WARN_INT_CONVERSION = YES;
				CLANG_WARN_NON_LITERAL_NULL_CONVERSION = YES;
				CLANG_WARN_OBJC_IMPLICIT_RETAIN_SELF = YES;
				CLANG_WARN_OBJC_LITERAL_CONVERSION = YES;
				CLANG_WARN_OBJC_ROOT_CLASS = YES_ERROR;
				CLANG_WARN_QUOTED_INCLUDE_IN_FRAMEWORK_HEADER = YES;
				CLANG_WARN_RANGE_LOOP_ANALYSIS = YES;
				CLANG_WARN_STRICT_PROTOTYPES = YES;
				CLANG_WARN_SUSPICIOUS_MOVE = YES;
				CLANG_WARN_UNGUARDED_AVAILABILITY = YES_AGGRESSIVE;
				CLANG_WARN_UNREACHABLE_CODE = YES;
				CLANG_WARN__DUPLICATE_METHOD_MATCH = YES;
				COPY_PHASE_STRIP = NO;
				DEBUG_INFORMATION_FORMAT = dwarf;
				ENABLE_STRICT_OBJC_MSGSEND = YES;
				ENABLE_TESTABILITY = YES;
				ENABLE_USER_SCRIPT_SANDBOXING = YES;
				GCC_C_LANGUAGE_STANDARD = gnu17;
				GCC_DYNAMIC_NO_PIC = NO;
				GCC_NO_COMMON_BLOCKS = YES;
				GCC_OPTIMIZATION_LEVEL = 0;
				GCC_PREPROCESSOR_DEFINITIONS = (
					"DEBUG=1",
					"$(inherited)",
				);
				GCC_WARN_64_TO_32_BIT_CONVERSION = YES;
				GCC_WARN_ABOUT_RETURN_TYPE = YES_ERROR;
				GCC_WARN_UNDECLARED_SELECTOR = YES;
				GCC_WARN_UNINITIALIZED_AUTOS = YES_AGGRESSIVE;
				GCC_WARN_UNUSED_FUNCTION = YES;
				GCC_WARN_UNUSED_VARIABLE = YES;
				LOCALIZATION_PREFERS_STRING_CATALOGS = YES;
				MTL_ENABLE_DEBUG_INFO = INCLUDE_SOURCE;
				MTL_FAST_MATH = YES;
				ONLY_ACTIVE_ARCH = YES;
				SWIFT_ACTIVE_COMPILATION_CONDITIONS = "DEBUG $(inherited)";
				SWIFT_OPTIMIZATION_LEVEL = "-Onone";
			};
			name = Debug;
		};
		237E147A2AACB48D00EB52BF /* Release */ = {
			isa = XCBuildConfiguration;
			buildSettings = {
				ALWAYS_SEARCH_USER_PATHS = NO;
				ASSETCATALOG_COMPILER_GENERATE_SWIFT_ASSET_SYMBOL_EXTENSIONS = YES;
				CLANG_ANALYZER_NONNULL = YES;
				CLANG_ANALYZER_NUMBER_OBJECT_CONVERSION = YES_AGGRESSIVE;
				CLANG_CXX_LANGUAGE_STANDARD = "gnu++20";
				CLANG_ENABLE_MODULES = YES;
				CLANG_ENABLE_OBJC_ARC = YES;
				CLANG_ENABLE_OBJC_WEAK = YES;
				CLANG_WARN_BLOCK_CAPTURE_AUTORELEASING = YES;
				CLANG_WARN_BOOL_CONVERSION = YES;
				CLANG_WARN_COMMA = YES;
				CLANG_WARN_CONSTANT_CONVERSION = YES;
				CLANG_WARN_DEPRECATED_OBJC_IMPLEMENTATIONS = YES;
				CLANG_WARN_DIRECT_OBJC_ISA_USAGE = YES_ERROR;
				CLANG_WARN_DOCUMENTATION_COMMENTS = YES;
				CLANG_WARN_EMPTY_BODY = YES;
				CLANG_WARN_ENUM_CONVERSION = YES;
				CLANG_WARN_INFINITE_RECURSION = YES;
				CLANG_WARN_INT_CONVERSION = YES;
				CLANG_WARN_NON_LITERAL_NULL_CONVERSION = YES;
				CLANG_WARN_OBJC_IMPLICIT_RETAIN_SELF = YES;
				CLANG_WARN_OBJC_LITERAL_CONVERSION = YES;
				CLANG_WARN_OBJC_ROOT_CLASS = YES_ERROR;
				CLANG_WARN_QUOTED_INCLUDE_IN_FRAMEWORK_HEADER = YES;
				CLANG_WARN_RANGE_LOOP_ANALYSIS = YES;
				CLANG_WARN_STRICT_PROTOTYPES = YES;
				CLANG_WARN_SUSPICIOUS_MOVE = YES;
				CLANG_WARN_UNGUARDED_AVAILABILITY = YES_AGGRESSIVE;
				CLANG_WARN_UNREACHABLE_CODE = YES;
				CLANG_WARN__DUPLICATE_METHOD_MATCH = YES;
				COPY_PHASE_STRIP = NO;
				DEBUG_INFORMATION_FORMAT = "dwarf-with-dsym";
				ENABLE_NS_ASSERTIONS = NO;
				ENABLE_STRICT_OBJC_MSGSEND = YES;
				ENABLE_USER_SCRIPT_SANDBOXING = YES;
				GCC_C_LANGUAGE_STANDARD = gnu17;
				GCC_NO_COMMON_BLOCKS = YES;
				GCC_WARN_64_TO_32_BIT_CONVERSION = YES;
				GCC_WARN_ABOUT_RETURN_TYPE = YES_ERROR;
				GCC_WARN_UNDECLARED_SELECTOR = YES;
				GCC_WARN_UNINITIALIZED_AUTOS = YES_AGGRESSIVE;
				GCC_WARN_UNUSED_FUNCTION = YES;
				GCC_WARN_UNUSED_VARIABLE = YES;
				LOCALIZATION_PREFERS_STRING_CATALOGS = YES;
				MTL_ENABLE_DEBUG_INFO = NO;
				MTL_FAST_MATH = YES;
				SWIFT_COMPILATION_MODE = wholemodule;
			};
			name = Release;
		};
		237E147C2AACB48D00EB52BF /* Debug */ = {
			isa = XCBuildConfiguration;
			buildSettings = {
				ASSETCATALOG_COMPILER_APPICON_NAME = AppIcon;
				ASSETCATALOG_COMPILER_GLOBAL_ACCENT_COLOR_NAME = AccentColor;
				CODE_SIGN_ENTITLEMENTS = planner/planner.entitlements;
				CODE_SIGN_STYLE = Automatic;
				CURRENT_PROJECT_VERSION = 1;
				DEVELOPMENT_ASSET_PATHS = "\"planner/Preview Content\"";
				DEVELOPMENT_TEAM = 75G4KRYC3B;
				ENABLE_HARDENED_RUNTIME = YES;
				ENABLE_PREVIEWS = YES;
				GENERATE_INFOPLIST_FILE = YES;
				INFOPLIST_KEY_CFBundleDisplayName = Planner;
				INFOPLIST_KEY_LSApplicationCategoryType = "public.app-category.productivity";
				"INFOPLIST_KEY_UIApplicationSceneManifest_Generation[sdk=iphoneos*]" = YES;
				"INFOPLIST_KEY_UIApplicationSceneManifest_Generation[sdk=iphonesimulator*]" = YES;
				"INFOPLIST_KEY_UIApplicationSupportsIndirectInputEvents[sdk=iphoneos*]" = YES;
				"INFOPLIST_KEY_UIApplicationSupportsIndirectInputEvents[sdk=iphonesimulator*]" = YES;
				"INFOPLIST_KEY_UILaunchScreen_Generation[sdk=iphoneos*]" = YES;
				"INFOPLIST_KEY_UILaunchScreen_Generation[sdk=iphonesimulator*]" = YES;
				"INFOPLIST_KEY_UIStatusBarStyle[sdk=iphoneos*]" = UIStatusBarStyleDefault;
				"INFOPLIST_KEY_UIStatusBarStyle[sdk=iphonesimulator*]" = UIStatusBarStyleDefault;
				INFOPLIST_KEY_UISupportedInterfaceOrientations = UIInterfaceOrientationPortrait;
				INFOPLIST_KEY_UISupportedInterfaceOrientations_iPad = "UIInterfaceOrientationPortrait UIInterfaceOrientationPortraitUpsideDown";
				IPHONEOS_DEPLOYMENT_TARGET = 17.0;
				LD_RUNPATH_SEARCH_PATHS = "@executable_path/Frameworks";
				"LD_RUNPATH_SEARCH_PATHS[sdk=macosx*]" = "@executable_path/../Frameworks";
				MACOSX_DEPLOYMENT_TARGET = 14.0;
				MARKETING_VERSION = 1.0;
				PRODUCT_BUNDLE_IDENTIFIER = com.gabriel.planner;
				PRODUCT_NAME = "$(TARGET_NAME)";
				SDKROOT = auto;
				SUPPORTED_PLATFORMS = "iphoneos iphonesimulator macosx";
				SWIFT_EMIT_LOC_STRINGS = YES;
				SWIFT_VERSION = 5.0;
				TARGETED_DEVICE_FAMILY = "1,2";
			};
			name = Debug;
		};
		237E147D2AACB48D00EB52BF /* Release */ = {
			isa = XCBuildConfiguration;
			buildSettings = {
				ASSETCATALOG_COMPILER_APPICON_NAME = AppIcon;
				ASSETCATALOG_COMPILER_GLOBAL_ACCENT_COLOR_NAME = AccentColor;
				CODE_SIGN_ENTITLEMENTS = planner/planner.entitlements;
				CODE_SIGN_STYLE = Automatic;
				CURRENT_PROJECT_VERSION = 1;
				DEVELOPMENT_ASSET_PATHS = "\"planner/Preview Content\"";
				DEVELOPMENT_TEAM = 75G4KRYC3B;
				ENABLE_HARDENED_RUNTIME = YES;
				ENABLE_PREVIEWS = YES;
				GENERATE_INFOPLIST_FILE = YES;
				INFOPLIST_KEY_CFBundleDisplayName = Planner;
				INFOPLIST_KEY_LSApplicationCategoryType = "public.app-category.productivity";
				"INFOPLIST_KEY_UIApplicationSceneManifest_Generation[sdk=iphoneos*]" = YES;
				"INFOPLIST_KEY_UIApplicationSceneManifest_Generation[sdk=iphonesimulator*]" = YES;
				"INFOPLIST_KEY_UIApplicationSupportsIndirectInputEvents[sdk=iphoneos*]" = YES;
				"INFOPLIST_KEY_UIApplicationSupportsIndirectInputEvents[sdk=iphonesimulator*]" = YES;
				"INFOPLIST_KEY_UILaunchScreen_Generation[sdk=iphoneos*]" = YES;
				"INFOPLIST_KEY_UILaunchScreen_Generation[sdk=iphonesimulator*]" = YES;
				"INFOPLIST_KEY_UIStatusBarStyle[sdk=iphoneos*]" = UIStatusBarStyleDefault;
				"INFOPLIST_KEY_UIStatusBarStyle[sdk=iphonesimulator*]" = UIStatusBarStyleDefault;
				INFOPLIST_KEY_UISupportedInterfaceOrientations = UIInterfaceOrientationPortrait;
				INFOPLIST_KEY_UISupportedInterfaceOrientations_iPad = "UIInterfaceOrientationPortrait UIInterfaceOrientationPortraitUpsideDown";
				IPHONEOS_DEPLOYMENT_TARGET = 17.0;
				LD_RUNPATH_SEARCH_PATHS = "@executable_path/Frameworks";
				"LD_RUNPATH_SEARCH_PATHS[sdk=macosx*]" = "@executable_path/../Frameworks";
				MACOSX_DEPLOYMENT_TARGET = 14.0;
				MARKETING_VERSION = 1.0;
				PRODUCT_BUNDLE_IDENTIFIER = com.gabriel.planner;
				PRODUCT_NAME = "$(TARGET_NAME)";
				SDKROOT = auto;
				SUPPORTED_PLATFORMS = "iphoneos iphonesimulator macosx";
				SWIFT_EMIT_LOC_STRINGS = YES;
				SWIFT_VERSION = 5.0;
				TARGETED_DEVICE_FAMILY = "1,2";
			};
			name = Release;
		};
/* End XCBuildConfiguration section */

/* Begin XCConfigurationList section */
		237E14672AACB48C00EB52BF /* Build configuration list for PBXProject "planner" */ = {
			isa = XCConfigurationList;
			buildConfigurations = (
				237E14792AACB48D00EB52BF /* Debug */,
				237E147A2AACB48D00EB52BF /* Release */,
			);
			defaultConfigurationIsVisible = 0;
			defaultConfigurationName = Release;
		};
		237E147B2AACB48D00EB52BF /* Build configuration list for PBXNativeTarget "planner" */ = {
			isa = XCConfigurationList;
			buildConfigurations = (
				237E147C2AACB48D00EB52BF /* Debug */,
				237E147D2AACB48D00EB52BF /* Release */,
			);
			defaultConfigurationIsVisible = 0;
			defaultConfigurationName = Release;
		};
/* End XCConfigurationList section */
	};
	rootObject = 237E14642AACB48C00EB52BF /* Project object */;
}
